<?xml version="1.0" encoding="utf-8"?>
<Project ToolsVersion="4.0" xmlns="http://schemas.microsoft.com/developer/msbuild/2003">
  <ItemGroup>
    <Filter Include="Source Files">
      <UniqueIdentifier>{4FC737F1-C7A5-4376-A066-2A32D752A2FF}</UniqueIdentifier>
      <Extensions>cpp;c;cc;cxx;def;odl;idl;hpj;bat;asm;asmx</Extensions>
    </Filter>
    <Filter Include="Header Files">
      <UniqueIdentifier>{93995380-89BD-4b04-88EB-625FBE52EBFB}</UniqueIdentifier>
      <Extensions>h;hpp;hxx;hm;inl;inc;xsd</Extensions>
    </Filter>
    <Filter Include="Source Files\contexts">
      <UniqueIdentifier>{4954a1d0-43df-4eba-a1f9-b20d085a044c}</UniqueIdentifier>
    </Filter>
    <Filter Include="Source Files\operations">
      <UniqueIdentifier>{6bc5129d-3a97-4a0a-b84d-4682a4778009}</UniqueIdentifier>
    </Filter>
    <Filter Include="Header Files\contexts">
      <UniqueIdentifier>{e054c3e2-9a5f-48f4-9f30-caa286e11cd8}</UniqueIdentifier>
    </Filter>
    <Filter Include="Header Files\operations">
      <UniqueIdentifier>{5ad7763e-3e87-4674-ad40-d84200ac88c1}</UniqueIdentifier>
    </Filter>
    <Filter Include="Header Files\ogp">
      <UniqueIdentifier>{cdea4665-7f17-431b-8b02-4ff28c0ede36}</UniqueIdentifier>
    </Filter>
    <Filter Include="Source Files\ogp">
      <UniqueIdentifier>{44825d19-0423-4d2e-99b3-fa25e77075eb}</UniqueIdentifier>
    </Filter>
    <Filter Include="Source Files\mup">
      <UniqueIdentifier>{fe5028f6-cec0-48c6-a7c0-660734205ab9}</UniqueIdentifier>
    </Filter>
    <Filter Include="Header Files\mup">
      <UniqueIdentifier>{d798bc00-b08a-4c43-af30-a70d28fcaf91}</UniqueIdentifier>
    </Filter>
    <Filter Include="Source Files\rcon">
      <UniqueIdentifier>{0e8c1c53-447b-4e9e-bf40-2488b63f4fcf}</UniqueIdentifier>
    </Filter>
    <Filter Include="Header Files\rcon">
      <UniqueIdentifier>{b8b62c6d-3096-4397-b9b7-94f38eb54832}</UniqueIdentifier>
    </Filter>
    <Filter Include="Header Files\json">
      <UniqueIdentifier>{bfdcb208-4bc4-4261-866c-13d35a8fb314}</UniqueIdentifier>
    </Filter>
    <Filter Include="Source Files\json">
      <UniqueIdentifier>{b8f06597-20a6-42e5-a31b-6874f27f850c}</UniqueIdentifier>
    </Filter>
    <Filter Include="Header Files\operations\WSELuaOperationsContext">
      <UniqueIdentifier>{b7103203-3ff6-4307-b884-295acf4f2b93}</UniqueIdentifier>
    </Filter>
    <Filter Include="Source Files\operations\WSELuaOperationsContext">
      <UniqueIdentifier>{17bbd24b-64f3-4f91-9f62-9e838c78baab}</UniqueIdentifier>
    </Filter>
    <Filter Include="Source Files\operations\WSELuaOperationsContext\LuaScripts">
      <UniqueIdentifier>{6f96886b-cf7c-4093-9271-55e17059d899}</UniqueIdentifier>
    </Filter>
    <Filter Include="Header Files\xml">
      <UniqueIdentifier>{ebc8da6a-964f-4e16-bfaa-2b16f11e22d9}</UniqueIdentifier>
    </Filter>
    <Filter Include="Source Files\xml">
      <UniqueIdentifier>{50f7dc67-0adb-48ea-9308-21c406229698}</UniqueIdentifier>
    </Filter>
    <Filter Include="Source Files\operations\WSELuaOperationsContext\luaSockets">
      <UniqueIdentifier>{eddd5cc0-c740-4d20-8476-bd9971b0bfdb}</UniqueIdentifier>
    </Filter>
    <Filter Include="Source Files\operations\WSELuaOperationsContext\luaSockets\Source Files">
      <UniqueIdentifier>{6edebcbe-23a2-4f42-8b7f-e27060523a40}</UniqueIdentifier>
    </Filter>
    <Filter Include="Source Files\operations\WSELuaOperationsContext\luaSockets\Header Files">
      <UniqueIdentifier>{6ae6575b-eeb3-43f4-a2d3-69226c9b6333}</UniqueIdentifier>
    </Filter>
    <Filter Include="Source Files\operations\WSELuaOperationsContext\luaSockets\Lua">
      <UniqueIdentifier>{4df0f218-5037-4194-a452-72bc559cad73}</UniqueIdentifier>
    </Filter>
    <Filter Include="Source Files\operations\WSELuaOperationsContext\LSQLite3">
      <UniqueIdentifier>{d3d06380-dc87-479a-8fc3-160731f69562}</UniqueIdentifier>
    </Filter>
  </ItemGroup>
  <ItemGroup>
    <ClInclude Include="WSEMissionContext.h">
      <Filter>Header Files\contexts</Filter>
    </ClInclude>
    <ClInclude Include="WSENetworkContext.h">
      <Filter>Header Files\contexts</Filter>
    </ClInclude>
    <ClInclude Include="WSEProfilingContext.h">
      <Filter>Header Files\contexts</Filter>
    </ClInclude>
    <ClInclude Include="WSEGameContext.h">
      <Filter>Header Files\contexts</Filter>
    </ClInclude>
    <ClInclude Include="WSEScreenContext.h">
      <Filter>Header Files\contexts</Filter>
    </ClInclude>
    <ClInclude Include="WSEScriptingContext.h">
      <Filter>Header Files\contexts</Filter>
    </ClInclude>
    <ClInclude Include="WSEStringOperationsContext.h">
      <Filter>Header Files\operations</Filter>
    </ClInclude>
    <ClInclude Include="WSEOperationContext.h">
      <Filter>Header Files\contexts</Filter>
    </ClInclude>
    <ClInclude Include="WSECoreOperationsContext.h">
      <Filter>Header Files\operations</Filter>
    </ClInclude>
    <ClInclude Include="WSESkinOperationsContext.h">
      <Filter>Header Files\operations</Filter>
    </ClInclude>
    <ClInclude Include="WSEItemOperationsContext.h">
      <Filter>Header Files\operations</Filter>
    </ClInclude>
    <ClInclude Include="WSEDictionaryOperationsContext.h">
      <Filter>Header Files\operations</Filter>
    </ClInclude>
    <ClInclude Include="WSEDebugOperationsContext.h">
      <Filter>Header Files\operations</Filter>
    </ClInclude>
    <ClInclude Include="WSEAgentOperationsContext.h">
      <Filter>Header Files\operations</Filter>
    </ClInclude>
    <ClInclude Include="WSEMultiplayerOperationsContext.h">
      <Filter>Header Files\operations</Filter>
    </ClInclude>
    <ClInclude Include="WSENetworkOperationsContext.h">
      <Filter>Header Files\operations</Filter>
    </ClInclude>
    <ClInclude Include="WSEPartyOperationsContext.h">
      <Filter>Header Files\operations</Filter>
    </ClInclude>
    <ClInclude Include="WSEPlayerOperationsContext.h">
      <Filter>Header Files\operations</Filter>
    </ClInclude>
    <ClInclude Include="WSETroopOperationsContext.h">
      <Filter>Header Files\operations</Filter>
    </ClInclude>
    <ClInclude Include="WSEPresentationOperationsContext.h">
      <Filter>Header Files\operations</Filter>
    </ClInclude>
    <ClInclude Include="WSEMissionOperationsContext.h">
      <Filter>Header Files\operations</Filter>
    </ClInclude>
    <ClInclude Include="WSEMathOperationsContext.h">
      <Filter>Header Files\operations</Filter>
    </ClInclude>
    <ClInclude Include="WSEDebugContext.h">
      <Filter>Header Files\contexts</Filter>
    </ClInclude>
    <ClInclude Include="WSEMenuOperationsContext.h">
      <Filter>Header Files\operations</Filter>
    </ClInclude>
    <ClInclude Include="WSEPositionOperationsContext.h">
      <Filter>Header Files\operations</Filter>
    </ClInclude>
    <ClInclude Include="WSEOptionsOperationsContext.h">
      <Filter>Header Files\operations</Filter>
    </ClInclude>
    <ClInclude Include="WSEPerformanceContext.h">
      <Filter>Header Files\contexts</Filter>
    </ClInclude>
    <ClInclude Include="WSEInputOperationsContext.h">
      <Filter>Header Files\operations</Filter>
    </ClInclude>
    <ClInclude Include="WSEPluginWrapperContext.h">
      <Filter>Header Files\contexts</Filter>
    </ClInclude>
    <ClInclude Include="WSEUtils.h">
      <Filter>Header Files</Filter>
    </ClInclude>
    <ClInclude Include="WSE.h">
      <Filter>Header Files</Filter>
    </ClInclude>
    <ClInclude Include="WSEArray.h">
      <Filter>Header Files</Filter>
    </ClInclude>
    <ClInclude Include="WSEBitStream.h">
      <Filter>Header Files</Filter>
    </ClInclude>
    <ClInclude Include="WSEContext.h">
      <Filter>Header Files</Filter>
    </ClInclude>
    <ClInclude Include="WSEDictionary.h">
      <Filter>Header Files</Filter>
    </ClInclude>
    <ClInclude Include="WSEHookManager.h">
      <Filter>Header Files</Filter>
    </ClInclude>
    <ClInclude Include="WSEHooks.h">
      <Filter>Header Files</Filter>
    </ClInclude>
    <ClInclude Include="WSEIniFile.h">
      <Filter>Header Files</Filter>
    </ClInclude>
    <ClInclude Include="WSELog.h">
      <Filter>Header Files</Filter>
    </ClInclude>
    <ClInclude Include="WSEOGPServer.h">
      <Filter>Header Files</Filter>
    </ClInclude>
    <ClInclude Include="WSEPlugin.h">
      <Filter>Header Files</Filter>
    </ClInclude>
    <ClInclude Include="ogp\ogp.h">
      <Filter>Header Files\ogp</Filter>
    </ClInclude>
    <ClInclude Include="ogp\ogp_basictypes.h">
      <Filter>Header Files\ogp</Filter>
    </ClInclude>
    <ClInclude Include="ogp\ogp_intern.h">
      <Filter>Header Files\ogp</Filter>
    </ClInclude>
    <ClInclude Include="ogp\ogp_server.h">
      <Filter>Header Files\ogp</Filter>
    </ClInclude>
    <ClInclude Include="ogp\ogp_settings.h">
      <Filter>Header Files\ogp</Filter>
    </ClInclude>
    <ClInclude Include="WSEFloatingPointOperationsContext.h">
      <Filter>Header Files\operations</Filter>
    </ClInclude>
    <ClInclude Include="WSEObjectManager.h">
      <Filter>Header Files</Filter>
    </ClInclude>
    <ClInclude Include="WSESiteOperationsContext.h">
      <Filter>Header Files\operations</Filter>
    </ClInclude>
    <ClInclude Include="WSEEditModeOperationsContext.h">
      <Filter>Header Files\operations</Filter>
    </ClInclude>
    <ClInclude Include="WSEEngineOperationsContext.h">
      <Filter>Header Files\operations</Filter>
    </ClInclude>
    <ClInclude Include="mup\muParser.h">
      <Filter>Header Files\mup</Filter>
    </ClInclude>
    <ClInclude Include="mup\muParserBase.h">
      <Filter>Header Files\mup</Filter>
    </ClInclude>
    <ClInclude Include="mup\muParserBytecode.h">
      <Filter>Header Files\mup</Filter>
    </ClInclude>
    <ClInclude Include="mup\muParserCallback.h">
      <Filter>Header Files\mup</Filter>
    </ClInclude>
    <ClInclude Include="mup\muParserDef.h">
      <Filter>Header Files\mup</Filter>
    </ClInclude>
    <ClInclude Include="mup\muParserError.h">
      <Filter>Header Files\mup</Filter>
    </ClInclude>
    <ClInclude Include="mup\muParserFixes.h">
      <Filter>Header Files\mup</Filter>
    </ClInclude>
    <ClInclude Include="mup\muParserInt.h">
      <Filter>Header Files\mup</Filter>
    </ClInclude>
    <ClInclude Include="mup\muParserStack.h">
      <Filter>Header Files\mup</Filter>
    </ClInclude>
    <ClInclude Include="mup\muParserTemplateMagic.h">
      <Filter>Header Files\mup</Filter>
    </ClInclude>
    <ClInclude Include="mup\muParserToken.h">
      <Filter>Header Files\mup</Filter>
    </ClInclude>
    <ClInclude Include="mup\muParserTokenReader.h">
      <Filter>Header Files\mup</Filter>
    </ClInclude>
    <ClInclude Include="WSERCONServer.h">
      <Filter>Header Files</Filter>
    </ClInclude>
    <ClInclude Include="rcon\ws-util.h">
      <Filter>Header Files\rcon</Filter>
    </ClInclude>
    <ClInclude Include="rcon\rcon.h">
      <Filter>Header Files\rcon</Filter>
    </ClInclude>
    <ClInclude Include="WSEArrayOperationsContext.h">
      <Filter>Header Files\operations</Filter>
    </ClInclude>
    <ClInclude Include="WSESimpleCharBuff.h">
      <Filter>Header Files</Filter>
    </ClInclude>
    <ClInclude Include="WSEDynMultiArray.h">
      <Filter>Header Files</Filter>
    </ClInclude>
    <ClInclude Include="WSESignatureScannerContext.h">
      <Filter>Header Files\contexts</Filter>
    </ClInclude>
    <ClInclude Include="json\json.h">
      <Filter>Header Files\json</Filter>
    </ClInclude>
    <ClInclude Include="json\json-forwards.h">
      <Filter>Header Files\json</Filter>
    </ClInclude>
    <ClInclude Include="WSELuaOperationsContext.h">
      <Filter>Header Files\operations\WSELuaOperationsContext</Filter>
    </ClInclude>
    <ClInclude Include="WSELib.rc.h">
      <Filter>Header Files</Filter>
    </ClInclude>
    <ClInclude Include="xml\tinyxml2.h">
      <Filter>Header Files\xml</Filter>
    </ClInclude>
    <ClInclude Include="luaSockets\src\luasocket.h">
      <Filter>Source Files\operations\WSELuaOperationsContext\luaSockets\Header Files</Filter>
    </ClInclude>
    <ClInclude Include="luaSockets\src\auxiliar.h">
      <Filter>Source Files\operations\WSELuaOperationsContext\luaSockets\Header Files</Filter>
    </ClInclude>
    <ClInclude Include="luaSockets\src\buffer.h">
      <Filter>Source Files\operations\WSELuaOperationsContext\luaSockets\Header Files</Filter>
    </ClInclude>
    <ClInclude Include="luaSockets\src\compat.h">
      <Filter>Source Files\operations\WSELuaOperationsContext\luaSockets\Header Files</Filter>
    </ClInclude>
    <ClInclude Include="luaSockets\src\except.h">
      <Filter>Source Files\operations\WSELuaOperationsContext\luaSockets\Header Files</Filter>
    </ClInclude>
    <ClInclude Include="luaSockets\src\inet.h">
      <Filter>Source Files\operations\WSELuaOperationsContext\luaSockets\Header Files</Filter>
    </ClInclude>
    <ClInclude Include="luaSockets\src\io.h">
      <Filter>Source Files\operations\WSELuaOperationsContext\luaSockets\Header Files</Filter>
    </ClInclude>
    <ClInclude Include="luaSockets\src\mime.h">
      <Filter>Source Files\operations\WSELuaOperationsContext\luaSockets\Header Files</Filter>
    </ClInclude>
    <ClInclude Include="luaSockets\src\options.h">
      <Filter>Source Files\operations\WSELuaOperationsContext\luaSockets\Header Files</Filter>
    </ClInclude>
    <ClInclude Include="luaSockets\src\pierror.h">
      <Filter>Source Files\operations\WSELuaOperationsContext\luaSockets\Header Files</Filter>
    </ClInclude>
    <ClInclude Include="luaSockets\src\select.h">
      <Filter>Source Files\operations\WSELuaOperationsContext\luaSockets\Header Files</Filter>
    </ClInclude>
    <ClInclude Include="luaSockets\src\socket.h">
      <Filter>Source Files\operations\WSELuaOperationsContext\luaSockets\Header Files</Filter>
    </ClInclude>
    <ClInclude Include="luaSockets\src\tcp.h">
      <Filter>Source Files\operations\WSELuaOperationsContext\luaSockets\Header Files</Filter>
    </ClInclude>
    <ClInclude Include="luaSockets\src\timeout.h">
      <Filter>Source Files\operations\WSELuaOperationsContext\luaSockets\Header Files</Filter>
    </ClInclude>
    <ClInclude Include="luaSockets\src\udp.h">
      <Filter>Source Files\operations\WSELuaOperationsContext\luaSockets\Header Files</Filter>
    </ClInclude>
    <ClInclude Include="luaSockets\src\unix.h">
      <Filter>Source Files\operations\WSELuaOperationsContext\luaSockets\Header Files</Filter>
    </ClInclude>
    <ClInclude Include="luaSockets\src\unixdgram.h">
      <Filter>Source Files\operations\WSELuaOperationsContext\luaSockets\Header Files</Filter>
    </ClInclude>
    <ClInclude Include="luaSockets\src\unixstream.h">
      <Filter>Source Files\operations\WSELuaOperationsContext\luaSockets\Header Files</Filter>
    </ClInclude>
    <ClInclude Include="luaSockets\src\usocket.h">
      <Filter>Source Files\operations\WSELuaOperationsContext\luaSockets\Header Files</Filter>
    </ClInclude>
    <ClInclude Include="luaSockets\src\wsocket.h">
      <Filter>Source Files\operations\WSELuaOperationsContext\luaSockets\Header Files</Filter>
    </ClInclude>
    <ClInclude Include="WSELua_Iterators.h">
      <Filter>Header Files\operations\WSELuaOperationsContext</Filter>
    </ClInclude>
    <ClInclude Include="WSELua_Helpers.h">
      <Filter>Header Files\operations\WSELuaOperationsContext</Filter>
    </ClInclude>
    <ClInclude Include="WSELua_Callbacks.h">
      <Filter>Header Files\operations\WSELuaOperationsContext</Filter>
    </ClInclude>
    <ClInclude Include="LSQLite3\sqlite3.h">
      <Filter>Source Files\operations\WSELuaOperationsContext\LSQLite3</Filter>
    </ClInclude>
    <ClInclude Include="LSQLite3\lsqlite3.h">
      <Filter>Source Files\operations\WSELuaOperationsContext\LSQLite3</Filter>
    </ClInclude>
  </ItemGroup>
  <ItemGroup>
    <ClCompile Include="WSEMissionContext.cpp">
      <Filter>Source Files\contexts</Filter>
    </ClCompile>
    <ClCompile Include="WSENetworkContext.cpp">
      <Filter>Source Files\contexts</Filter>
    </ClCompile>
    <ClCompile Include="WSEProfilingContext.cpp">
      <Filter>Source Files\contexts</Filter>
    </ClCompile>
    <ClCompile Include="WSEGameContext.cpp">
      <Filter>Source Files\contexts</Filter>
    </ClCompile>
    <ClCompile Include="WSEScreenContext.cpp">
      <Filter>Source Files\contexts</Filter>
    </ClCompile>
    <ClCompile Include="WSEScriptingContext.cpp">
      <Filter>Source Files\contexts</Filter>
    </ClCompile>
    <ClCompile Include="WSEStringOperationsContext.cpp">
      <Filter>Source Files\operations</Filter>
    </ClCompile>
    <ClCompile Include="WSEOperationContext.cpp">
      <Filter>Source Files\contexts</Filter>
    </ClCompile>
    <ClCompile Include="WSECoreOperationsContext.cpp">
      <Filter>Source Files\operations</Filter>
    </ClCompile>
    <ClCompile Include="WSEAgentOperationsContext.cpp">
      <Filter>Source Files\operations</Filter>
    </ClCompile>
    <ClCompile Include="WSEDebugOperationsContext.cpp">
      <Filter>Source Files\operations</Filter>
    </ClCompile>
    <ClCompile Include="WSEDictionaryOperationsContext.cpp">
      <Filter>Source Files\operations</Filter>
    </ClCompile>
    <ClCompile Include="WSEItemOperationsContext.cpp">
      <Filter>Source Files\operations</Filter>
    </ClCompile>
    <ClCompile Include="WSEMultiplayerOperationsContext.cpp">
      <Filter>Source Files\operations</Filter>
    </ClCompile>
    <ClCompile Include="WSENetworkOperationsContext.cpp">
      <Filter>Source Files\operations</Filter>
    </ClCompile>
    <ClCompile Include="WSEPartyOperationsContext.cpp">
      <Filter>Source Files\operations</Filter>
    </ClCompile>
    <ClCompile Include="WSEPlayerOperationsContext.cpp">
      <Filter>Source Files\operations</Filter>
    </ClCompile>
    <ClCompile Include="WSEPresentationOperationsContext.cpp">
      <Filter>Source Files\operations</Filter>
    </ClCompile>
    <ClCompile Include="WSETroopOperationsContext.cpp">
      <Filter>Source Files\operations</Filter>
    </ClCompile>
    <ClCompile Include="WSESkinOperationsContext.cpp">
      <Filter>Source Files\operations</Filter>
    </ClCompile>
    <ClCompile Include="WSEMissionOperationsContext.cpp">
      <Filter>Source Files\operations</Filter>
    </ClCompile>
    <ClCompile Include="WSEMathOperationsContext.cpp">
      <Filter>Source Files\operations</Filter>
    </ClCompile>
    <ClCompile Include="WSEDebugContext.cpp">
      <Filter>Source Files\contexts</Filter>
    </ClCompile>
    <ClCompile Include="WSEMenuOperationsContext.cpp">
      <Filter>Source Files\operations</Filter>
    </ClCompile>
    <ClCompile Include="WSEPositionOperationsContext.cpp">
      <Filter>Source Files\operations</Filter>
    </ClCompile>
    <ClCompile Include="WSEOptionsOperationsContext.cpp">
      <Filter>Source Files\operations</Filter>
    </ClCompile>
    <ClCompile Include="WSEPerformanceContext.cpp">
      <Filter>Source Files\contexts</Filter>
    </ClCompile>
    <ClCompile Include="WSEInputOperationsContext.cpp">
      <Filter>Source Files\operations</Filter>
    </ClCompile>
    <ClCompile Include="WSEPluginWrapperContext.cpp">
      <Filter>Source Files\contexts</Filter>
    </ClCompile>
    <ClCompile Include="WSEOGPServer.cpp">
      <Filter>Source Files</Filter>
    </ClCompile>
    <ClCompile Include="WSE.cpp">
      <Filter>Source Files</Filter>
    </ClCompile>
    <ClCompile Include="WSEBitStream.cpp">
      <Filter>Source Files</Filter>
    </ClCompile>
    <ClCompile Include="WSEContext.cpp">
      <Filter>Source Files</Filter>
    </ClCompile>
    <ClCompile Include="WSEDictionary.cpp">
      <Filter>Source Files</Filter>
    </ClCompile>
    <ClCompile Include="WSEHookManager.cpp">
      <Filter>Source Files</Filter>
    </ClCompile>
    <ClCompile Include="WSEHooks.cpp">
      <Filter>Source Files</Filter>
    </ClCompile>
    <ClCompile Include="WSEIniFile.cpp">
      <Filter>Source Files</Filter>
    </ClCompile>
    <ClCompile Include="WSELib.cpp">
      <Filter>Source Files</Filter>
    </ClCompile>
    <ClCompile Include="WSELog.cpp">
      <Filter>Source Files</Filter>
    </ClCompile>
    <ClCompile Include="WSEUtils.cpp">
      <Filter>Source Files</Filter>
    </ClCompile>
    <ClCompile Include="ogp\ogp_intern.c">
      <Filter>Source Files\ogp</Filter>
    </ClCompile>
    <ClCompile Include="ogp\ogp_server.c">
      <Filter>Source Files\ogp</Filter>
    </ClCompile>
    <ClCompile Include="WSEFloatingPointOperationsContext.cpp">
      <Filter>Source Files\operations</Filter>
    </ClCompile>
    <ClCompile Include="WSEObjectManager.cpp">
      <Filter>Source Files</Filter>
    </ClCompile>
    <ClCompile Include="WSESiteOperationsContext.cpp">
      <Filter>Source Files\operations</Filter>
    </ClCompile>
    <ClCompile Include="WSEEditModeOperationsContext.cpp">
      <Filter>Source Files\operations</Filter>
    </ClCompile>
    <ClCompile Include="WSEEngineOperationsContext.cpp">
      <Filter>Source Files\operations</Filter>
    </ClCompile>
    <ClCompile Include="mup\muParser.cpp">
      <Filter>Source Files\mup</Filter>
    </ClCompile>
    <ClCompile Include="mup\muParserBase.cpp">
      <Filter>Source Files\mup</Filter>
    </ClCompile>
    <ClCompile Include="mup\muParserBytecode.cpp">
      <Filter>Source Files\mup</Filter>
    </ClCompile>
    <ClCompile Include="mup\muParserCallback.cpp">
      <Filter>Source Files\mup</Filter>
    </ClCompile>
    <ClCompile Include="mup\muParserError.cpp">
      <Filter>Source Files\mup</Filter>
    </ClCompile>
    <ClCompile Include="mup\muParserInt.cpp">
      <Filter>Source Files\mup</Filter>
    </ClCompile>
    <ClCompile Include="mup\muParserTokenReader.cpp">
      <Filter>Source Files\mup</Filter>
    </ClCompile>
    <ClCompile Include="WSERCONServer.cpp">
      <Filter>Source Files</Filter>
    </ClCompile>
    <ClCompile Include="rcon\ws-util.cpp">
      <Filter>Source Files\rcon</Filter>
    </ClCompile>
    <ClCompile Include="rcon\rcon.cpp">
      <Filter>Source Files\rcon</Filter>
    </ClCompile>
    <ClCompile Include="WSEArrayOperationsContext.cpp">
      <Filter>Source Files\operations</Filter>
    </ClCompile>
    <ClCompile Include="WSESignatureScannerContext.cpp">
      <Filter>Source Files\contexts</Filter>
    </ClCompile>
    <ClCompile Include="json\jsoncpp.cpp">
      <Filter>Source Files\json</Filter>
    </ClCompile>
    <ClCompile Include="WSELuaOperationsContext.cpp">
      <Filter>Source Files\operations\WSELuaOperationsContext</Filter>
    </ClCompile>
    <ClCompile Include="xml\tinyxml2.cpp">
      <Filter>Source Files\xml</Filter>
    </ClCompile>
    <ClCompile Include="luaSockets\src\luasocket.c">
      <Filter>Source Files\operations\WSELuaOperationsContext\luaSockets\Source Files</Filter>
    </ClCompile>
    <ClCompile Include="luaSockets\src\auxiliar.c">
      <Filter>Source Files\operations\WSELuaOperationsContext\luaSockets\Source Files</Filter>
    </ClCompile>
    <ClCompile Include="luaSockets\src\options.c">
      <Filter>Source Files\operations\WSELuaOperationsContext\luaSockets\Source Files</Filter>
    </ClCompile>
    <ClCompile Include="luaSockets\src\inet.c">
      <Filter>Source Files\operations\WSELuaOperationsContext\luaSockets\Source Files</Filter>
    </ClCompile>
    <ClCompile Include="luaSockets\src\buffer.c">
      <Filter>Source Files\operations\WSELuaOperationsContext\luaSockets\Source Files</Filter>
    </ClCompile>
    <ClCompile Include="luaSockets\src\compat.c">
      <Filter>Source Files\operations\WSELuaOperationsContext\luaSockets\Source Files</Filter>
    </ClCompile>
    <ClCompile Include="luaSockets\src\except.c">
      <Filter>Source Files\operations\WSELuaOperationsContext\luaSockets\Source Files</Filter>
    </ClCompile>
    <ClCompile Include="luaSockets\src\io.c">
      <Filter>Source Files\operations\WSELuaOperationsContext\luaSockets\Source Files</Filter>
    </ClCompile>
    <ClCompile Include="luaSockets\src\mime.c">
      <Filter>Source Files\operations\WSELuaOperationsContext\luaSockets\Source Files</Filter>
    </ClCompile>
    <ClCompile Include="luaSockets\src\select.c">
      <Filter>Source Files\operations\WSELuaOperationsContext\luaSockets\Source Files</Filter>
    </ClCompile>
    <ClCompile Include="luaSockets\src\serial.c">
      <Filter>Source Files\operations\WSELuaOperationsContext\luaSockets\Source Files</Filter>
    </ClCompile>
    <ClCompile Include="luaSockets\src\tcp.c">
      <Filter>Source Files\operations\WSELuaOperationsContext\luaSockets\Source Files</Filter>
    </ClCompile>
    <ClCompile Include="luaSockets\src\timeout.c">
      <Filter>Source Files\operations\WSELuaOperationsContext\luaSockets\Source Files</Filter>
    </ClCompile>
    <ClCompile Include="luaSockets\src\udp.c">
      <Filter>Source Files\operations\WSELuaOperationsContext\luaSockets\Source Files</Filter>
    </ClCompile>
    <ClCompile Include="luaSockets\src\unix.c">
      <Filter>Source Files\operations\WSELuaOperationsContext\luaSockets\Source Files</Filter>
    </ClCompile>
    <ClCompile Include="luaSockets\src\unixdgram.c">
      <Filter>Source Files\operations\WSELuaOperationsContext\luaSockets\Source Files</Filter>
    </ClCompile>
    <ClCompile Include="luaSockets\src\unixstream.c">
      <Filter>Source Files\operations\WSELuaOperationsContext\luaSockets\Source Files</Filter>
    </ClCompile>
    <ClCompile Include="luaSockets\src\usocket.c">
      <Filter>Source Files\operations\WSELuaOperationsContext\luaSockets\Source Files</Filter>
    </ClCompile>
    <ClCompile Include="luaSockets\src\wsocket.c">
      <Filter>Source Files\operations\WSELuaOperationsContext\luaSockets\Source Files</Filter>
    </ClCompile>
    <ClCompile Include="WSELua_Helpers.cpp">
      <Filter>Source Files\operations\WSELuaOperationsContext</Filter>
    </ClCompile>
    <ClCompile Include="WSELua_Callbacks.cpp">
      <Filter>Source Files\operations\WSELuaOperationsContext</Filter>
    </ClCompile>
    <ClCompile Include="LSQLite3\lsqlite3.c">
      <Filter>Source Files\operations\WSELuaOperationsContext\LSQLite3</Filter>
    </ClCompile>
    <ClCompile Include="LSQLite3\sqlite3.c">
      <Filter>Source Files\operations\WSELuaOperationsContext\LSQLite3</Filter>
    </ClCompile>
  </ItemGroup>
  <ItemGroup>
    <None Include="luaSockets\src\ftp.lua">
      <Filter>Source Files\operations\WSELuaOperationsContext\luaSockets\Lua</Filter>
    </None>
    <None Include="luaSockets\src\headers.lua">
      <Filter>Source Files\operations\WSELuaOperationsContext\luaSockets\Lua</Filter>
    </None>
    <None Include="luaSockets\src\http.lua">
      <Filter>Source Files\operations\WSELuaOperationsContext\luaSockets\Lua</Filter>
    </None>
    <None Include="luaSockets\src\ltn12.lua">
      <Filter>Source Files\operations\WSELuaOperationsContext\luaSockets\Lua</Filter>
    </None>
    <None Include="luaSockets\src\mbox.lua">
      <Filter>Source Files\operations\WSELuaOperationsContext\luaSockets\Lua</Filter>
    </None>
    <None Include="luaSockets\src\mime.lua">
      <Filter>Source Files\operations\WSELuaOperationsContext\luaSockets\Lua</Filter>
    </None>
    <None Include="luaSockets\src\smtp.lua">
      <Filter>Source Files\operations\WSELuaOperationsContext\luaSockets\Lua</Filter>
    </None>
    <None Include="luaSockets\src\socket.lua">
      <Filter>Source Files\operations\WSELuaOperationsContext\luaSockets\Lua</Filter>
    </None>
    <None Include="luaSockets\src\tp.lua">
      <Filter>Source Files\operations\WSELuaOperationsContext\luaSockets\Lua</Filter>
    </None>
    <None Include="luaSockets\src\url.lua">
      <Filter>Source Files\operations\WSELuaOperationsContext\luaSockets\Lua</Filter>
    </None>
    <None Include="mobDebug.lua">
      <Filter>Source Files\operations\WSELuaOperationsContext\LuaScripts</Filter>
    </None>
    <None Include="..\luaLanes\src\lanes.lua">
      <Filter>Source Files\operations\WSELuaOperationsContext\LuaScripts</Filter>
    </None>
    <None Include="LuaGlobals.lua">
      <Filter>Source Files\operations\WSELuaOperationsContext\LuaScripts</Filter>
    </None>
  </ItemGroup>
  <ItemGroup>
    <ResourceCompile Include="WSELib.rc" />
  </ItemGroup>
</Project>